
Microsoft Visual Studio Solution File, Format Version 12.00
# Visual Studio Version 16
VisualStudioVersion = 16.0.30011.22
MinimumVisualStudioVersion = 10.0.40219.1
Project("{FAE04EC0-301F-11D3-BF4B-00C04F79EFBC}") = "HttpClientTest", "HttpClientTest\HttpClientTest.csproj", "{EC8100D5-CB94-49BF-8D52-D14DED6F3C2D}"
EndProject
Global
	GlobalSection(SolutionConfigurationPlatforms) = preSolution
		Debug|Any CPU = Debug|Any CPU
		Release|Any CPU = Release|Any CPU
	EndGlobalSection
	GlobalSection(ProjectConfigurationPlatforms) = postSolution
		{EC8100D5-CB94-49BF-8D52-D14DED6F3C2D}.Debug|Any CPU.ActiveCfg = Debug|Any CPU
		{EC8100D5-CB94-49BF-8D52-D14DED6F3C2D}.Debug|Any CPU.Build.0 = Debug|Any CPU
		{EC8100D5-CB94-49BF-8D52-D14DED6F3C2D}.Release|Any CPU.ActiveCfg = Release|Any CPU
		{EC8100D5-CB94-49BF-8D52-D14DED6F3C2D}.Release|Any CPU.Build.0 = Release|Any CPU
	EndGlobalSection
	GlobalSection(SolutionProperties) = preSolution
		HideSolutionNode = FALSE
	EndGlobalSection
	GlobalSection(ExtensibilityGlobals) = postSolution
		SolutionGuid = {C1BB3C4D-0A53-4FE9-8EE1-84AE38722EC3}
	EndGlobalSection
EndGlobal
